// !$*UTF8*$!
{
	archiveVersion = 1;
	classes = {
	};
	objectVersion = 50;
	objects = {

/* Begin PBXBuildFile section */
		0423BF6E244309BB00184CC4 /* DataController.swift in Sources */ = {isa = PBXBuildFile; fileRef = 0423BF6D244309BB00184CC4 /* DataController.swift */; };
		04DBF776243F6B6200A76F32 /* AppDelegate.swift in Sources */ = {isa = PBXBuildFile; fileRef = 04DBF775243F6B6200A76F32 /* AppDelegate.swift */; };
		04DBF778243F6B6200A76F32 /* SceneDelegate.swift in Sources */ = {isa = PBXBuildFile; fileRef = 04DBF777243F6B6200A76F32 /* SceneDelegate.swift */; };
		04DBF77A243F6B6200A76F32 /* TravelLocationMapViewController.swift in Sources */ = {isa = PBXBuildFile; fileRef = 04DBF779243F6B6200A76F32 /* TravelLocationMapViewController.swift */; };
		04DBF77D243F6B6200A76F32 /* Main.storyboard in Resources */ = {isa = PBXBuildFile; fileRef = 04DBF77B243F6B6200A76F32 /* Main.storyboard */; };
		04DBF780243F6B6200A76F32 /* Virtual_Tourist.xcdatamodeld in Sources */ = {isa = PBXBuildFile; fileRef = 04DBF77E243F6B6200A76F32 /* Virtual_Tourist.xcdatamodeld */; };
		04DBF782243F6B6600A76F32 /* Assets.xcassets in Resources */ = {isa = PBXBuildFile; fileRef = 04DBF781243F6B6600A76F32 /* Assets.xcassets */; };
		04DBF785243F6B6600A76F32 /* LaunchScreen.storyboard in Resources */ = {isa = PBXBuildFile; fileRef = 04DBF783243F6B6600A76F32 /* LaunchScreen.storyboard */; };
		04DBF7962440973400A76F32 /* PhotoAlbumViewController.swift in Sources */ = {isa = PBXBuildFile; fileRef = 04DBF7942440973300A76F32 /* PhotoAlbumViewController.swift */; };
		04DBF7992440B09000A76F32 /* FlickrClient.swift in Sources */ = {isa = PBXBuildFile; fileRef = 04DBF7982440B09000A76F32 /* FlickrClient.swift */; };
		04DBF79B2440B0B500A76F32 /* Constants.swift in Sources */ = {isa = PBXBuildFile; fileRef = 04DBF79A2440B0B500A76F32 /* Constants.swift */; };
		04DBF79D2440B1ED00A76F32 /* Default-568h@2x.png in Resources */ = {isa = PBXBuildFile; fileRef = 04DBF79C2440B1ED00A76F32 /* Default-568h@2x.png */; };
		04DBF79F2440BC1900A76F32 /* PhotoAlbumCollectionViewCell.swift in Sources */ = {isa = PBXBuildFile; fileRef = 04DBF79E2440BC1900A76F32 /* PhotoAlbumCollectionViewCell.swift */; };
		04DBF7A124411B2D00A76F32 /* PhotosResponse.swift in Sources */ = {isa = PBXBuildFile; fileRef = 04DBF7A024411B2D00A76F32 /* PhotosResponse.swift */; };
		F36C91ABCCDB9EB4550FDB11 /* Pods_Virtual_Tourist.framework in Frameworks */ = {isa = PBXBuildFile; fileRef = B77847BE03AE334E125E141A /* Pods_Virtual_Tourist.framework */; };
/* End PBXBuildFile section */

/* Begin PBXFileReference section */
		0423BF6D244309BB00184CC4 /* DataController.swift */ = {isa = PBXFileReference; lastKnownFileType = sourcecode.swift; path = DataController.swift; sourceTree = "<group>"; };
		04DBF772243F6B6200A76F32 /* Virtual Tourist.app */ = {isa = PBXFileReference; explicitFileType = wrapper.application; includeInIndex = 0; path = "Virtual Tourist.app"; sourceTree = BUILT_PRODUCTS_DIR; };
		04DBF775243F6B6200A76F32 /* AppDelegate.swift */ = {isa = PBXFileReference; lastKnownFileType = sourcecode.swift; path = AppDelegate.swift; sourceTree = "<group>"; };
		04DBF777243F6B6200A76F32 /* SceneDelegate.swift */ = {isa = PBXFileReference; lastKnownFileType = sourcecode.swift; path = SceneDelegate.swift; sourceTree = "<group>"; };
		04DBF779243F6B6200A76F32 /* TravelLocationMapViewController.swift */ = {isa = PBXFileReference; lastKnownFileType = sourcecode.swift; path = TravelLocationMapViewController.swift; sourceTree = "<group>"; };
		04DBF77C243F6B6200A76F32 /* Base */ = {isa = PBXFileReference; lastKnownFileType = file.storyboard; name = Base; path = Base.lproj/Main.storyboard; sourceTree = "<group>"; };
		04DBF77F243F6B6200A76F32 /* Virtual_Tourist.xcdatamodel */ = {isa = PBXFileReference; lastKnownFileType = wrapper.xcdatamodel; path = Virtual_Tourist.xcdatamodel; sourceTree = "<group>"; };
		04DBF781243F6B6600A76F32 /* Assets.xcassets */ = {isa = PBXFileReference; lastKnownFileType = folder.assetcatalog; path = Assets.xcassets; sourceTree = "<group>"; };
		04DBF784243F6B6600A76F32 /* Base */ = {isa = PBXFileReference; lastKnownFileType = file.storyboard; name = Base; path = Base.lproj/LaunchScreen.storyboard; sourceTree = "<group>"; };
		04DBF786243F6B6600A76F32 /* Info.plist */ = {isa = PBXFileReference; lastKnownFileType = text.plist.xml; path = Info.plist; sourceTree = "<group>"; };
		04DBF7942440973300A76F32 /* PhotoAlbumViewController.swift */ = {isa = PBXFileReference; lastKnownFileType = sourcecode.swift; path = PhotoAlbumViewController.swift; sourceTree = "<group>"; };
		04DBF7982440B09000A76F32 /* FlickrClient.swift */ = {isa = PBXFileReference; lastKnownFileType = sourcecode.swift; path = FlickrClient.swift; sourceTree = "<group>"; };
		04DBF79A2440B0B500A76F32 /* Constants.swift */ = {isa = PBXFileReference; lastKnownFileType = sourcecode.swift; path = Constants.swift; sourceTree = "<group>"; };
		04DBF79C2440B1ED00A76F32 /* Default-568h@2x.png */ = {isa = PBXFileReference; lastKnownFileType = image.png; path = "Default-568h@2x.png"; sourceTree = "<group>"; };
		04DBF79E2440BC1900A76F32 /* PhotoAlbumCollectionViewCell.swift */ = {isa = PBXFileReference; lastKnownFileType = sourcecode.swift; path = PhotoAlbumCollectionViewCell.swift; sourceTree = "<group>"; };
		04DBF7A024411B2D00A76F32 /* PhotosResponse.swift */ = {isa = PBXFileReference; lastKnownFileType = sourcecode.swift; path = PhotosResponse.swift; sourceTree = "<group>"; };
		5B816C039FFFD9D271C75412 /* Pods-Virtual Tourist.release.xcconfig */ = {isa = PBXFileReference; includeInIndex = 1; lastKnownFileType = text.xcconfig; name = "Pods-Virtual Tourist.release.xcconfig"; path = "Target Support Files/Pods-Virtual Tourist/Pods-Virtual Tourist.release.xcconfig"; sourceTree = "<group>"; };
		A560C95E7A44D1305BF40E74 /* Pods-Virtual Tourist.debug.xcconfig */ = {isa = PBXFileReference; includeInIndex = 1; lastKnownFileType = text.xcconfig; name = "Pods-Virtual Tourist.debug.xcconfig"; path = "Target Support Files/Pods-Virtual Tourist/Pods-Virtual Tourist.debug.xcconfig"; sourceTree = "<group>"; };
		B77847BE03AE334E125E141A /* Pods_Virtual_Tourist.framework */ = {isa = PBXFileReference; explicitFileType = wrapper.framework; includeInIndex = 0; path = Pods_Virtual_Tourist.framework; sourceTree = BUILT_PRODUCTS_DIR; };
/* End PBXFileReference section */

/* Begin PBXFrameworksBuildPhase section */
		04DBF76F243F6B6200A76F32 /* Frameworks */ = {
			isa = PBXFrameworksBuildPhase;
			buildActionMask = 2147483647;
			files = (
				F36C91ABCCDB9EB4550FDB11 /* Pods_Virtual_Tourist.framework in Frameworks */,
			);
			runOnlyForDeploymentPostprocessing = 0;
		};
/* End PBXFrameworksBuildPhase section */

/* Begin PBXGroup section */
		04DBF769243F6B6200A76F32 = {
			isa = PBXGroup;
			children = (
				04DBF79C2440B1ED00A76F32 /* Default-568h@2x.png */,
				04DBF774243F6B6200A76F32 /* Virtual Tourist */,
				04DBF773243F6B6200A76F32 /* Products */,
				7A008B0DA31894BB60470159 /* Pods */,
				5D28B49BAE664305AA09F6B9 /* Frameworks */,
			);
			sourceTree = "<group>";
		};
		04DBF773243F6B6200A76F32 /* Products */ = {
			isa = PBXGroup;
			children = (
				04DBF772243F6B6200A76F32 /* Virtual Tourist.app */,
			);
			name = Products;
			sourceTree = "<group>";
		};
		04DBF774243F6B6200A76F32 /* Virtual Tourist */ = {
			isa = PBXGroup;
			children = (
				04DBF793244093FB00A76F32 /* AppDefault */,
				04DBF792244093F100A76F32 /* Flickr */,
				04DBF791244093E500A76F32 /* CoreData */,
				04DBF790244093CE00A76F32 /* Assets */,
				04DBF78F244093B200A76F32 /* Utils */,
				04DBF78E244093A800A76F32 /* Model */,
				04DBF78D244093A100A76F32 /* Views */,
				04DBF78C2440939500A76F32 /* Controllers */,
				04DBF786243F6B6600A76F32 /* Info.plist */,
			);
			path = "Virtual Tourist";
			sourceTree = "<group>";
		};
		04DBF78C2440939500A76F32 /* Controllers */ = {
			isa = PBXGroup;
			children = (
				04DBF779243F6B6200A76F32 /* TravelLocationMapViewController.swift */,
				04DBF7942440973300A76F32 /* PhotoAlbumViewController.swift */,
				04DBF79E2440BC1900A76F32 /* PhotoAlbumCollectionViewCell.swift */,
			);
			path = Controllers;
			sourceTree = "<group>";
		};
		04DBF78D244093A100A76F32 /* Views */ = {
			isa = PBXGroup;
			children = (
				04DBF77B243F6B6200A76F32 /* Main.storyboard */,
				04DBF783243F6B6600A76F32 /* LaunchScreen.storyboard */,
			);
			path = Views;
			sourceTree = "<group>";
		};
		04DBF78E244093A800A76F32 /* Model */ = {
			isa = PBXGroup;
			children = (
				04DBF7A024411B2D00A76F32 /* PhotosResponse.swift */,
				0423BF6D244309BB00184CC4 /* DataController.swift */,
			);
			path = Model;
			sourceTree = "<group>";
		};
		04DBF78F244093B200A76F32 /* Utils */ = {
			isa = PBXGroup;
			children = (
				04DBF79A2440B0B500A76F32 /* Constants.swift */,
			);
			path = Utils;
			sourceTree = "<group>";
		};
		04DBF790244093CE00A76F32 /* Assets */ = {
			isa = PBXGroup;
			children = (
				04DBF781243F6B6600A76F32 /* Assets.xcassets */,
			);
			path = Assets;
			sourceTree = "<group>";
		};
		04DBF791244093E500A76F32 /* CoreData */ = {
			isa = PBXGroup;
			children = (
				04DBF77E243F6B6200A76F32 /* Virtual_Tourist.xcdatamodeld */,
			);
			path = CoreData;
			sourceTree = "<group>";
		};
		04DBF792244093F100A76F32 /* Flickr */ = {
			isa = PBXGroup;
			children = (
				04DBF7982440B09000A76F32 /* FlickrClient.swift */,
			);
			path = Flickr;
			sourceTree = "<group>";
		};
		04DBF793244093FB00A76F32 /* AppDefault */ = {
			isa = PBXGroup;
			children = (
				04DBF775243F6B6200A76F32 /* AppDelegate.swift */,
				04DBF777243F6B6200A76F32 /* SceneDelegate.swift */,
			);
			path = AppDefault;
			sourceTree = "<group>";
		};
		5D28B49BAE664305AA09F6B9 /* Frameworks */ = {
			isa = PBXGroup;
			children = (
				B77847BE03AE334E125E141A /* Pods_Virtual_Tourist.framework */,
			);
			name = Frameworks;
			sourceTree = "<group>";
		};
		7A008B0DA31894BB60470159 /* Pods */ = {
			isa = PBXGroup;
			children = (
				A560C95E7A44D1305BF40E74 /* Pods-Virtual Tourist.debug.xcconfig */,
				5B816C039FFFD9D271C75412 /* Pods-Virtual Tourist.release.xcconfig */,
			);
			name = Pods;
			path = Pods;
			sourceTree = "<group>";
		};
/* End PBXGroup section */

/* Begin PBXNativeTarget section */
		04DBF771243F6B6200A76F32 /* Virtual Tourist */ = {
			isa = PBXNativeTarget;
			buildConfigurationList = 04DBF789243F6B6600A76F32 /* Build configuration list for PBXNativeTarget "Virtual Tourist" */;
			buildPhases = (
				4E2E2A5867EE49F4EE388C3A /* [CP] Check Pods Manifest.lock */,
				04DBF76E243F6B6200A76F32 /* Sources */,
				04DBF76F243F6B6200A76F32 /* Frameworks */,
				04DBF770243F6B6200A76F32 /* Resources */,
				8CD636A07F718B3690C85F9D /* [CP] Embed Pods Frameworks */,
			);
			buildRules = (
			);
			dependencies = (
			);
			name = "Virtual Tourist";
			productName = "Virtual Tourist";
			productReference = 04DBF772243F6B6200A76F32 /* Virtual Tourist.app */;
			productType = "com.apple.product-type.application";
		};
/* End PBXNativeTarget section */

/* Begin PBXProject section */
		04DBF76A243F6B6200A76F32 /* Project object */ = {
			isa = PBXProject;
			attributes = {
				LastSwiftUpdateCheck = 1130;
				LastUpgradeCheck = 1130;
				ORGANIZATIONNAME = "NotZero Technologies";
				TargetAttributes = {
					04DBF771243F6B6200A76F32 = {
						CreatedOnToolsVersion = 11.3.1;
					};
				};
			};
			buildConfigurationList = 04DBF76D243F6B6200A76F32 /* Build configuration list for PBXProject "Virtual Tourist" */;
			compatibilityVersion = "Xcode 9.3";
			developmentRegion = en;
			hasScannedForEncodings = 0;
			knownRegions = (
				en,
				Base,
			);
			mainGroup = 04DBF769243F6B6200A76F32;
			productRefGroup = 04DBF773243F6B6200A76F32 /* Products */;
			projectDirPath = "";
			projectRoot = "";
			targets = (
				04DBF771243F6B6200A76F32 /* Virtual Tourist */,
			);
		};
/* End PBXProject section */

/* Begin PBXResourcesBuildPhase section */
		04DBF770243F6B6200A76F32 /* Resources */ = {
			isa = PBXResourcesBuildPhase;
			buildActionMask = 2147483647;
			files = (
				04DBF785243F6B6600A76F32 /* LaunchScreen.storyboard in Resources */,
				04DBF79D2440B1ED00A76F32 /* Default-568h@2x.png in Resources */,
				04DBF782243F6B6600A76F32 /* Assets.xcassets in Resources */,
				04DBF77D243F6B6200A76F32 /* Main.storyboard in Resources */,
			);
			runOnlyForDeploymentPostprocessing = 0;
		};
/* End PBXResourcesBuildPhase section */

/* Begin PBXShellScriptBuildPhase section */
		4E2E2A5867EE49F4EE388C3A /* [CP] Check Pods Manifest.lock */ = {
			isa = PBXShellScriptBuildPhase;
			buildActionMask = 2147483647;
			files = (
			);
			inputFileListPaths = (
			);
			inputPaths = (
				"${PODS_PODFILE_DIR_PATH}/Podfile.lock",
				"${PODS_ROOT}/Manifest.lock",
			);
			name = "[CP] Check Pods Manifest.lock";
			outputFileListPaths = (
			);
			outputPaths = (
				"$(DERIVED_FILE_DIR)/Pods-Virtual Tourist-checkManifestLockResult.txt",
			);
			runOnlyForDeploymentPostprocessing = 0;
			shellPath = /bin/sh;
			shellScript = "diff \"${PODS_PODFILE_DIR_PATH}/Podfile.lock\" \"${PODS_ROOT}/Manifest.lock\" > /dev/null\nif [ $? != 0 ] ; then\n    # print error to STDERR\n    echo \"error: The sandbox is not in sync with the Podfile.lock. Run 'pod install' or update your CocoaPods installation.\" >&2\n    exit 1\nfi\n# This output is used by Xcode 'outputs' to avoid re-running this script phase.\necho \"SUCCESS\" > \"${SCRIPT_OUTPUT_FILE_0}\"\n";
			showEnvVarsInLog = 0;
		};
		8CD636A07F718B3690C85F9D /* [CP] Embed Pods Frameworks */ = {
			isa = PBXShellScriptBuildPhase;
			buildActionMask = 2147483647;
			files = (
			);
			inputFileListPaths = (
				"${PODS_ROOT}/Target Support Files/Pods-Virtual Tourist/Pods-Virtual Tourist-frameworks-${CONFIGURATION}-input-files.xcfilelist",
			);
			name = "[CP] Embed Pods Frameworks";
			outputFileListPaths = (
				"${PODS_ROOT}/Target Support Files/Pods-Virtual Tourist/Pods-Virtual Tourist-frameworks-${CONFIGURATION}-output-files.xcfilelist",
			);
			runOnlyForDeploymentPostprocessing = 0;
			shellPath = /bin/sh;
			shellScript = "\"${PODS_ROOT}/Target Support Files/Pods-Virtual Tourist/Pods-Virtual Tourist-frameworks.sh\"\n";
			showEnvVarsInLog = 0;
		};
/* End PBXShellScriptBuildPhase section */

/* Begin PBXSourcesBuildPhase section */
		04DBF76E243F6B6200A76F32 /* Sources */ = {
			isa = PBXSourcesBuildPhase;
			buildActionMask = 2147483647;
			files = (
				04DBF780243F6B6200A76F32 /* Virtual_Tourist.xcdatamodeld in Sources */,
				04DBF7962440973400A76F32 /* PhotoAlbumViewController.swift in Sources */,
				04DBF77A243F6B6200A76F32 /* TravelLocationMapViewController.swift in Sources */,
				04DBF7A124411B2D00A76F32 /* PhotosResponse.swift in Sources */,
				04DBF79F2440BC1900A76F32 /* PhotoAlbumCollectionViewCell.swift in Sources */,
				0423BF6E244309BB00184CC4 /* DataController.swift in Sources */,
				04DBF776243F6B6200A76F32 /* AppDelegate.swift in Sources */,
				04DBF79B2440B0B500A76F32 /* Constants.swift in Sources */,
				04DBF778243F6B6200A76F32 /* SceneDelegate.swift in Sources */,
				04DBF7992440B09000A76F32 /* FlickrClient.swift in Sources */,
			);
			runOnlyForDeploymentPostprocessing = 0;
		};
/* End PBXSourcesBuildPhase section */

/* Begin PBXVariantGroup section */
		04DBF77B243F6B6200A76F32 /* Main.storyboard */ = {
			isa = PBXVariantGroup;
			children = (
				04DBF77C243F6B6200A76F32 /* Base */,
			);
			name = Main.storyboard;
			sourceTree = "<group>";
		};
		04DBF783243F6B6600A76F32 /* LaunchScreen.storyboard */ = {
			isa = PBXVariantGroup;
			children = (
				04DBF784243F6B6600A76F32 /* Base */,
			);
			name = LaunchScreen.storyboard;
			sourceTree = "<group>";
		};
/* End PBXVariantGroup section */

/* Begin XCBuildConfiguration section */
		04DBF787243F6B6600A76F32 /* Debug */ = {
			isa = XCBuildConfiguration;
			buildSettings = {
				ALWAYS_SEARCH_USER_PATHS = NO;
				CLANG_ANALYZER_NONNULL = YES;
				CLANG_ANALYZER_NUMBER_OBJECT_CONVERSION = YES_AGGRESSIVE;
				CLANG_CXX_LANGUAGE_STANDARD = "gnu++14";
				CLANG_CXX_LIBRARY = "libc++";
				CLANG_ENABLE_MODULES = YES;
				CLANG_ENABLE_OBJC_ARC = YES;
				CLANG_ENABLE_OBJC_WEAK = YES;
				CLANG_WARN_BLOCK_CAPTURE_AUTORELEASING = YES;
				CLANG_WARN_BOOL_CONVERSION = YES;
				CLANG_WARN_COMMA = YES;
				CLANG_WARN_CONSTANT_CONVERSION = YES;
				CLANG_WARN_DEPRECATED_OBJC_IMPLEMENTATIONS = YES;
				CLANG_WARN_DIRECT_OBJC_ISA_USAGE = YES_ERROR;
				CLANG_WARN_DOCUMENTATION_COMMENTS = YES;
				CLANG_WARN_EMPTY_BODY = YES;
				CLANG_WARN_ENUM_CONVERSION = YES;
				CLANG_WARN_INFINITE_RECURSION = YES;
				CLANG_WARN_INT_CONVERSION = YES;
				CLANG_WARN_NON_LITERAL_NULL_CONVERSION = YES;
				CLANG_WARN_OBJC_IMPLICIT_RETAIN_SELF = YES;
				CLANG_WARN_OBJC_LITERAL_CONVERSION = YES;
				CLANG_WARN_OBJC_ROOT_CLASS = YES_ERROR;
				CLANG_WARN_RANGE_LOOP_ANALYSIS = YES;
				CLANG_WARN_STRICT_PROTOTYPES = YES;
				CLANG_WARN_SUSPICIOUS_MOVE = YES;
				CLANG_WARN_UNGUARDED_AVAILABILITY = YES_AGGRESSIVE;
				CLANG_WARN_UNREACHABLE_CODE = YES;
				CLANG_WARN__DUPLICATE_METHOD_MATCH = YES;
				COPY_PHASE_STRIP = NO;
				DEBUG_INFORMATION_FORMAT = dwarf;
				ENABLE_STRICT_OBJC_MSGSEND = YES;
				ENABLE_TESTABILITY = YES;
				GCC_C_LANGUAGE_STANDARD = gnu11;
				GCC_DYNAMIC_NO_PIC = NO;
				GCC_NO_COMMON_BLOCKS = YES;
				GCC_OPTIMIZATION_LEVEL = 0;
				GCC_PREPROCESSOR_DEFINITIONS = (
					"DEBUG=1",
					"$(inherited)",
				);
				GCC_WARN_64_TO_32_BIT_CONVERSION = YES;
				GCC_WARN_ABOUT_RETURN_TYPE = YES_ERROR;
				GCC_WARN_UNDECLARED_SELECTOR = YES;
				GCC_WARN_UNINITIALIZED_AUTOS = YES_AGGRESSIVE;
				GCC_WARN_UNUSED_FUNCTION = YES;
				GCC_WARN_UNUSED_VARIABLE = YES;
				IPHONEOS_DEPLOYMENT_TARGET = 13.2;
				MTL_ENABLE_DEBUG_INFO = INCLUDE_SOURCE;
				MTL_FAST_MATH = YES;
				ONLY_ACTIVE_ARCH = YES;
				SDKROOT = iphoneos;
				SWIFT_ACTIVE_COMPILATION_CONDITIONS = DEBUG;
				SWIFT_OPTIMIZATION_LEVEL = "-Onone";
			};
			name = Debug;
		};
		04DBF788243F6B6600A76F32 /* Release */ = {
			isa = XCBuildConfiguration;
			buildSettings = {
				ALWAYS_SEARCH_USER_PATHS = NO;
				CLANG_ANALYZER_NONNULL = YES;
				CLANG_ANALYZER_NUMBER_OBJECT_CONVERSION = YES_AGGRESSIVE;
				CLANG_CXX_LANGUAGE_STANDARD = "gnu++14";
				CLANG_CXX_LIBRARY = "libc++";
				CLANG_ENABLE_MODULES = YES;
				CLANG_ENABLE_OBJC_ARC = YES;
				CLANG_ENABLE_OBJC_WEAK = YES;
				CLANG_WARN_BLOCK_CAPTURE_AUTORELEASING = YES;
				CLANG_WARN_BOOL_CONVERSION = YES;
				CLANG_WARN_COMMA = YES;
				CLANG_WARN_CONSTANT_CONVERSION = YES;
				CLANG_WARN_DEPRECATED_OBJC_IMPLEMENTATIONS = YES;
				CLANG_WARN_DIRECT_OBJC_ISA_USAGE = YES_ERROR;
				CLANG_WARN_DOCUMENTATION_COMMENTS = YES;
				CLANG_WARN_EMPTY_BODY = YES;
				CLANG_WARN_ENUM_CONVERSION = YES;
				CLANG_WARN_INFINITE_RECURSION = YES;
				CLANG_WARN_INT_CONVERSION = YES;
				CLANG_WARN_NON_LITERAL_NULL_CONVERSION = YES;
				CLANG_WARN_OBJC_IMPLICIT_RETAIN_SELF = YES;
				CLANG_WARN_OBJC_LITERAL_CONVERSION = YES;
				CLANG_WARN_OBJC_ROOT_CLASS = YES_ERROR;
				CLANG_WARN_RANGE_LOOP_ANALYSIS = YES;
				CLANG_WARN_STRICT_PROTOTYPES = YES;
				CLANG_WARN_SUSPICIOUS_MOVE = YES;
				CLANG_WARN_UNGUARDED_AVAILABILITY = YES_AGGRESSIVE;
				CLANG_WARN_UNREACHABLE_CODE = YES;
				CLANG_WARN__DUPLICATE_METHOD_MATCH = YES;
				COPY_PHASE_STRIP = NO;
				DEBUG_INFORMATION_FORMAT = "dwarf-with-dsym";
				ENABLE_NS_ASSERTIONS = NO;
				ENABLE_STRICT_OBJC_MSGSEND = YES;
				GCC_C_LANGUAGE_STANDARD = gnu11;
				GCC_NO_COMMON_BLOCKS = YES;
				GCC_WARN_64_TO_32_BIT_CONVERSION = YES;
				GCC_WARN_ABOUT_RETURN_TYPE = YES_ERROR;
				GCC_WARN_UNDECLARED_SELECTOR = YES;
				GCC_WARN_UNINITIALIZED_AUTOS = YES_AGGRESSIVE;
				GCC_WARN_UNUSED_FUNCTION = YES;
				GCC_WARN_UNUSED_VARIABLE = YES;
				IPHONEOS_DEPLOYMENT_TARGET = 13.2;
				MTL_ENABLE_DEBUG_INFO = NO;
				MTL_FAST_MATH = YES;
				SDKROOT = iphoneos;
				SWIFT_COMPILATION_MODE = wholemodule;
				SWIFT_OPTIMIZATION_LEVEL = "-O";
				VALIDATE_PRODUCT = YES;
			};
			name = Release;
		};
		04DBF78A243F6B6600A76F32 /* Debug */ = {
			isa = XCBuildConfiguration;
			baseConfigurationReference = A560C95E7A44D1305BF40E74 /* Pods-Virtual Tourist.debug.xcconfig */;
			buildSettings = {
				ASSETCATALOG_COMPILER_APPICON_NAME = AppIcon;
				CODE_SIGN_STYLE = Automatic;
				DEVELOPMENT_TEAM = F87A9MLJ2X;
				INFOPLIST_FILE = "Virtual Tourist/Info.plist";
				LD_RUNPATH_SEARCH_PATHS = (
					"$(inherited)",
					"@executable_path/Frameworks",
				);
				PRODUCT_BUNDLE_IDENTIFIER = "dev.hackwithsodiq.Virtual-Tourist";
				PRODUCT_NAME = "$(TARGET_NAME)";
				SWIFT_VERSION = 5.0;
				TARGETED_DEVICE_FAMILY = "1,2";
			};
			name = Debug;
		};
		04DBF78B243F6B6600A76F32 /* Release */ = {
			isa = XCBuildConfiguration;
			baseConfigurationReference = 5B816C039FFFD9D271C75412 /* Pods-Virtual Tourist.release.xcconfig */;
			buildSettings = {
				ASSETCATALOG_COMPILER_APPICON_NAME = AppIcon;
				CODE_SIGN_STYLE = Automatic;
				DEVELOPMENT_TEAM = F87A9MLJ2X;
				INFOPLIST_FILE = "Virtual Tourist/Info.plist";
				LD_RUNPATH_SEARCH_PATHS = (
					"$(inherited)",
					"@executable_path/Frameworks",
				);
				PRODUCT_BUNDLE_IDENTIFIER = "dev.hackwithsodiq.Virtual-Tourist";
				PRODUCT_NAME = "$(TARGET_NAME)";
				SWIFT_VERSION = 5.0;
				TARGETED_DEVICE_FAMILY = "1,2";
			};
			name = Release;
		};
/* End XCBuildConfiguration section */

/* Begin XCConfigurationList section */
		04DBF76D243F6B6200A76F32 /* Build configuration list for PBXProject "Virtual Tourist" */ = {
			isa = XCConfigurationList;
			buildConfigurations = (
				04DBF787243F6B6600A76F32 /* Debug */,
				04DBF788243F6B6600A76F32 /* Release */,
			);
			defaultConfigurationIsVisible = 0;
			defaultConfigurationName = Release;
		};
		04DBF789243F6B6600A76F32 /* Build configuration list for PBXNativeTarget "Virtual Tourist" */ = {
			isa = XCConfigurationList;
			buildConfigurations = (
				04DBF78A243F6B6600A76F32 /* Debug */,
				04DBF78B243F6B6600A76F32 /* Release */,
			);
			defaultConfigurationIsVisible = 0;
			defaultConfigurationName = Release;
		};
/* End XCConfigurationList section */

/* Begin XCVersionGroup section */
		04DBF77E243F6B6200A76F32 /* Virtual_Tourist.xcdatamodeld */ = {
			isa = XCVersionGroup;
			children = (
				04DBF77F243F6B6200A76F32 /* Virtual_Tourist.xcdatamodel */,
			);
			currentVersion = 04DBF77F243F6B6200A76F32 /* Virtual_Tourist.xcdatamodel */;
			path = Virtual_Tourist.xcdatamodeld;
			sourceTree = "<group>";
			versionGroupType = wrapper.xcdatamodel;
		};
/* End XCVersionGroup section */
	};
	rootObject = 04DBF76A243F6B6200A76F32 /* Project object */;
}
